
Microsoft Visual Studio Solution File, Format Version 10.00
# Visual Studio 2008
Project("{FAE04EC0-301F-11D3-BF4B-00C04F79EFBC}") = "Street Fighter", "Street Fighter\Street Fighter.csproj", "{DA15622C-6E80-4D41-9D12-C8602B7B2297}"
EndProject
Global
	GlobalSection(SolutionConfigurationPlatforms) = preSolution
		Debug|x86 = Debug|x86
		Release|x86 = Release|x86
	EndGlobalSection
	GlobalSection(ProjectConfigurationPlatforms) = postSolution
		{DA15622C-6E80-4D41-9D12-C8602B7B2297}.Debug|x86.ActiveCfg = Debug|x86
		{DA15622C-6E80-4D41-9D12-C8602B7B2297}.Debug|x86.Build.0 = Debug|x86
		{DA15622C-6E80-4D41-9D12-C8602B7B2297}.Release|x86.ActiveCfg = Release|x86
		{DA15622C-6E80-4D41-9D12-C8602B7B2297}.Release|x86.Build.0 = Release|x86
		{1CA365C2-ADC6-4652-9408-4185DD78C955}.Debug|x86.ActiveCfg = Debug|x86
		{1CA365C2-ADC6-4652-9408-4185DD78C955}.Release|x86.ActiveCfg = Release|x86
	EndGlobalSection
	GlobalSection(SolutionProperties) = preSolution
		HideSolutionNode = FALSE
	EndGlobalSection
EndGlobal
